
Microsoft Visual Studio Solution File, Format Version 11.00
# Visual Studio 2010
Project("{FAE04EC0-301F-11D3-BF4B-00C04F79EFBC}") = "Assembly-CSharp", "Assembly-CSharp.csproj", "{780df109-0879-a742-4b49-b506edf383b5}"
EndProject
Project("{FAE04EC0-301F-11D3-BF4B-00C04F79EFBC}") = "Assembly-CSharp-Editor", "Assembly-CSharp-Editor.csproj", "{1b03038a-76d5-90a0-ed86-0035ef165e66}"
EndProject
Global
	GlobalSection(SolutionConfigurationPlatforms) = preSolution
		Debug|Any CPU = Debug|Any CPU
		Release|Any CPU = Release|Any CPU
	EndGlobalSection
	GlobalSection(ProjectConfigurationPlatforms) = postSolution
		{780df109-0879-a742-4b49-b506edf383b5}.Debug|Any CPU.ActiveCfg = Debug|Any CPU
		{780df109-0879-a742-4b49-b506edf383b5}.Debug|Any CPU.Build.0 = Debug|Any CPU
		{780df109-0879-a742-4b49-b506edf383b5}.Release|Any CPU.ActiveCfg = Release|Any CPU
		{780df109-0879-a742-4b49-b506edf383b5}.Release|Any CPU.Build.0 = Release|Any CPU
		{1b03038a-76d5-90a0-ed86-0035ef165e66}.Debug|Any CPU.ActiveCfg = Debug|Any CPU
		{1b03038a-76d5-90a0-ed86-0035ef165e66}.Debug|Any CPU.Build.0 = Debug|Any CPU
		{1b03038a-76d5-90a0-ed86-0035ef165e66}.Release|Any CPU.ActiveCfg = Release|Any CPU
		{1b03038a-76d5-90a0-ed86-0035ef165e66}.Release|Any CPU.Build.0 = Release|Any CPU
	EndGlobalSection
	GlobalSection(SolutionProperties) = preSolution
		HideSolutionNode = FALSE
	EndGlobalSection
EndGlobal
